// !$*UTF8*$!
{
	archiveVersion = 1;
	classes = {
	};
	objectVersion = 51;
	objects = {

/* Begin PBXBuildFile section */
		8C4A5C5723E620A800156751 /* AppDelegate.swift in Sources */ = {isa = PBXBuildFile; fileRef = 8C4A5C5623E620A800156751 /* AppDelegate.swift */; };
		8C4A5C5923E620A800156751 /* SceneDelegate.swift in Sources */ = {isa = PBXBuildFile; fileRef = 8C4A5C5823E620A800156751 /* SceneDelegate.swift */; };
		8C4A5C5B23E620A800156751 /* ViewController.swift in Sources */ = {isa = PBXBuildFile; fileRef = 8C4A5C5A23E620A800156751 /* ViewController.swift */; };
		8C4A5C5E23E620A800156751 /* Main.storyboard in Resources */ = {isa = PBXBuildFile; fileRef = 8C4A5C5C23E620A800156751 /* Main.storyboard */; };
		8C4A5C6023E620AA00156751 /* Assets.xcassets in Resources */ = {isa = PBXBuildFile; fileRef = 8C4A5C5F23E620AA00156751 /* Assets.xcassets */; };
		8C4A5C6323E620AA00156751 /* LaunchScreen.storyboard in Resources */ = {isa = PBXBuildFile; fileRef = 8C4A5C6123E620AA00156751 /* LaunchScreen.storyboard */; };
		8C4A5C6E23E620AA00156751 /* MealMETests.swift in Sources */ = {isa = PBXBuildFile; fileRef = 8C4A5C6D23E620AA00156751 /* MealMETests.swift */; };
		8C4A5C7923E620AA00156751 /* MealMEUITests.swift in Sources */ = {isa = PBXBuildFile; fileRef = 8C4A5C7823E620AA00156751 /* MealMEUITests.swift */; };
		8C4A5C8723E6220F00156751 /* APICaller.swift in Sources */ = {isa = PBXBuildFile; fileRef = 8C4A5C8623E6220E00156751 /* APICaller.swift */; };
		8C4A5C8E23E62E5B00156751 /* RecipeCell.swift in Sources */ = {isa = PBXBuildFile; fileRef = 8C4A5C8D23E62E5B00156751 /* RecipeCell.swift */; };
		B53FEF01D0838268262526C4 /* Pods_MealME.framework in Frameworks */ = {isa = PBXBuildFile; fileRef = EB29417A293075B1667A0135 /* Pods_MealME.framework */; };
/* End PBXBuildFile section */

/* Begin PBXContainerItemProxy section */
		8C4A5C6A23E620AA00156751 /* PBXContainerItemProxy */ = {
			isa = PBXContainerItemProxy;
			containerPortal = 8C4A5C4B23E620A800156751 /* Project object */;
			proxyType = 1;
			remoteGlobalIDString = 8C4A5C5223E620A800156751;
			remoteInfo = MealME;
		};
		8C4A5C7523E620AA00156751 /* PBXContainerItemProxy */ = {
			isa = PBXContainerItemProxy;
			containerPortal = 8C4A5C4B23E620A800156751 /* Project object */;
			proxyType = 1;
			remoteGlobalIDString = 8C4A5C5223E620A800156751;
			remoteInfo = MealME;
		};
/* End PBXContainerItemProxy section */

/* Begin PBXFileReference section */
		06E360F3841E911618407CD5 /* Pods-MealME.release.xcconfig */ = {isa = PBXFileReference; includeInIndex = 1; lastKnownFileType = text.xcconfig; name = "Pods-MealME.release.xcconfig"; path = "Target Support Files/Pods-MealME/Pods-MealME.release.xcconfig"; sourceTree = "<group>"; };
		802D70054943F2060140CA35 /* Pods-MealME.debug.xcconfig */ = {isa = PBXFileReference; includeInIndex = 1; lastKnownFileType = text.xcconfig; name = "Pods-MealME.debug.xcconfig"; path = "Target Support Files/Pods-MealME/Pods-MealME.debug.xcconfig"; sourceTree = "<group>"; };
		8C4A5C5323E620A800156751 /* MealME.app */ = {isa = PBXFileReference; explicitFileType = wrapper.application; includeInIndex = 0; path = MealME.app; sourceTree = BUILT_PRODUCTS_DIR; };
		8C4A5C5623E620A800156751 /* AppDelegate.swift */ = {isa = PBXFileReference; lastKnownFileType = sourcecode.swift; path = AppDelegate.swift; sourceTree = "<group>"; };
		8C4A5C5823E620A800156751 /* SceneDelegate.swift */ = {isa = PBXFileReference; lastKnownFileType = sourcecode.swift; path = SceneDelegate.swift; sourceTree = "<group>"; };
		8C4A5C5A23E620A800156751 /* ViewController.swift */ = {isa = PBXFileReference; lastKnownFileType = sourcecode.swift; path = ViewController.swift; sourceTree = "<group>"; };
		8C4A5C5D23E620A800156751 /* Base */ = {isa = PBXFileReference; lastKnownFileType = file.storyboard; name = Base; path = Base.lproj/Main.storyboard; sourceTree = "<group>"; };
		8C4A5C5F23E620AA00156751 /* Assets.xcassets */ = {isa = PBXFileReference; lastKnownFileType = folder.assetcatalog; path = Assets.xcassets; sourceTree = "<group>"; };
		8C4A5C6223E620AA00156751 /* Base */ = {isa = PBXFileReference; lastKnownFileType = file.storyboard; name = Base; path = Base.lproj/LaunchScreen.storyboard; sourceTree = "<group>"; };
		8C4A5C6423E620AA00156751 /* Info.plist */ = {isa = PBXFileReference; lastKnownFileType = text.plist.xml; path = Info.plist; sourceTree = "<group>"; };
		8C4A5C6923E620AA00156751 /* MealMETests.xctest */ = {isa = PBXFileReference; explicitFileType = wrapper.cfbundle; includeInIndex = 0; path = MealMETests.xctest; sourceTree = BUILT_PRODUCTS_DIR; };
		8C4A5C6D23E620AA00156751 /* MealMETests.swift */ = {isa = PBXFileReference; lastKnownFileType = sourcecode.swift; path = MealMETests.swift; sourceTree = "<group>"; };
		8C4A5C6F23E620AA00156751 /* Info.plist */ = {isa = PBXFileReference; lastKnownFileType = text.plist.xml; path = Info.plist; sourceTree = "<group>"; };
		8C4A5C7423E620AA00156751 /* MealMEUITests.xctest */ = {isa = PBXFileReference; explicitFileType = wrapper.cfbundle; includeInIndex = 0; path = MealMEUITests.xctest; sourceTree = BUILT_PRODUCTS_DIR; };
		8C4A5C7823E620AA00156751 /* MealMEUITests.swift */ = {isa = PBXFileReference; lastKnownFileType = sourcecode.swift; path = MealMEUITests.swift; sourceTree = "<group>"; };
		8C4A5C7A23E620AA00156751 /* Info.plist */ = {isa = PBXFileReference; lastKnownFileType = text.plist.xml; path = Info.plist; sourceTree = "<group>"; };
		8C4A5C8623E6220E00156751 /* APICaller.swift */ = {isa = PBXFileReference; lastKnownFileType = sourcecode.swift; path = APICaller.swift; sourceTree = "<group>"; };
		8C4A5C8D23E62E5B00156751 /* RecipeCell.swift */ = {isa = PBXFileReference; lastKnownFileType = sourcecode.swift; path = RecipeCell.swift; sourceTree = "<group>"; };
		EB29417A293075B1667A0135 /* Pods_MealME.framework */ = {isa = PBXFileReference; explicitFileType = wrapper.framework; includeInIndex = 0; path = Pods_MealME.framework; sourceTree = BUILT_PRODUCTS_DIR; };
/* End PBXFileReference section */

/* Begin PBXFrameworksBuildPhase section */
		8C4A5C5023E620A800156751 /* Frameworks */ = {
			isa = PBXFrameworksBuildPhase;
			buildActionMask = 2147483647;
			files = (
				B53FEF01D0838268262526C4 /* Pods_MealME.framework in Frameworks */,
			);
			runOnlyForDeploymentPostprocessing = 0;
		};
		8C4A5C6623E620AA00156751 /* Frameworks */ = {
			isa = PBXFrameworksBuildPhase;
			buildActionMask = 2147483647;
			files = (
			);
			runOnlyForDeploymentPostprocessing = 0;
		};
		8C4A5C7123E620AA00156751 /* Frameworks */ = {
			isa = PBXFrameworksBuildPhase;
			buildActionMask = 2147483647;
			files = (
			);
			runOnlyForDeploymentPostprocessing = 0;
		};
/* End PBXFrameworksBuildPhase section */

/* Begin PBXGroup section */
		82651A934FCFF381AC06C6AE /* Frameworks */ = {
			isa = PBXGroup;
			children = (
				EB29417A293075B1667A0135 /* Pods_MealME.framework */,
			);
			name = Frameworks;
			sourceTree = "<group>";
		};
		8C4A5C4A23E620A800156751 = {
			isa = PBXGroup;
			children = (
				8C4A5C5523E620A800156751 /* MealME */,
				8C4A5C6C23E620AA00156751 /* MealMETests */,
				8C4A5C7723E620AA00156751 /* MealMEUITests */,
				8C4A5C5423E620A800156751 /* Products */,
				C38017DA62A5F32586987BDF /* Pods */,
				82651A934FCFF381AC06C6AE /* Frameworks */,
			);
			sourceTree = "<group>";
		};
		8C4A5C5423E620A800156751 /* Products */ = {
			isa = PBXGroup;
			children = (
				8C4A5C5323E620A800156751 /* MealME.app */,
				8C4A5C6923E620AA00156751 /* MealMETests.xctest */,
				8C4A5C7423E620AA00156751 /* MealMEUITests.xctest */,
			);
			name = Products;
			sourceTree = "<group>";
		};
		8C4A5C5523E620A800156751 /* MealME */ = {
			isa = PBXGroup;
			children = (
				8C4A5C8C23E62E3B00156751 /* Views */,
				8C4A5C8923E6223700156751 /* Storyboards */,
				8C4A5C8823E6221900156751 /* API */,
				8C4A5C5623E620A800156751 /* AppDelegate.swift */,
				8C4A5C5823E620A800156751 /* SceneDelegate.swift */,
				8C4A5C5A23E620A800156751 /* ViewController.swift */,
				8C4A5C5F23E620AA00156751 /* Assets.xcassets */,
				8C4A5C6423E620AA00156751 /* Info.plist */,
			);
			path = MealME;
			sourceTree = "<group>";
		};
		8C4A5C6C23E620AA00156751 /* MealMETests */ = {
			isa = PBXGroup;
			children = (
				8C4A5C6D23E620AA00156751 /* MealMETests.swift */,
				8C4A5C6F23E620AA00156751 /* Info.plist */,
			);
			path = MealMETests;
			sourceTree = "<group>";
		};
		8C4A5C7723E620AA00156751 /* MealMEUITests */ = {
			isa = PBXGroup;
			children = (
				8C4A5C7823E620AA00156751 /* MealMEUITests.swift */,
				8C4A5C7A23E620AA00156751 /* Info.plist */,
			);
			path = MealMEUITests;
			sourceTree = "<group>";
		};
		8C4A5C8823E6221900156751 /* API */ = {
			isa = PBXGroup;
			children = (
				8C4A5C8623E6220E00156751 /* APICaller.swift */,
			);
			path = API;
			sourceTree = "<group>";
		};
		8C4A5C8923E6223700156751 /* Storyboards */ = {
			isa = PBXGroup;
			children = (
				8C4A5C5C23E620A800156751 /* Main.storyboard */,
				8C4A5C6123E620AA00156751 /* LaunchScreen.storyboard */,
			);
			path = Storyboards;
			sourceTree = "<group>";
		};
		8C4A5C8C23E62E3B00156751 /* Views */ = {
			isa = PBXGroup;
			children = (
				8C4A5C8D23E62E5B00156751 /* RecipeCell.swift */,
			);
			path = Views;
			sourceTree = "<group>";
		};
		C38017DA62A5F32586987BDF /* Pods */ = {
			isa = PBXGroup;
			children = (
				802D70054943F2060140CA35 /* Pods-MealME.debug.xcconfig */,
				06E360F3841E911618407CD5 /* Pods-MealME.release.xcconfig */,
			);
			path = Pods;
			sourceTree = "<group>";
		};
/* End PBXGroup section */

/* Begin PBXNativeTarget section */
		8C4A5C5223E620A800156751 /* MealME */ = {
			isa = PBXNativeTarget;
			buildConfigurationList = 8C4A5C7D23E620AA00156751 /* Build configuration list for PBXNativeTarget "MealME" */;
			buildPhases = (
				B03AC5C99773A1F893F1008D /* [CP] Check Pods Manifest.lock */,
				8C4A5C4F23E620A800156751 /* Sources */,
				8C4A5C5023E620A800156751 /* Frameworks */,
				8C4A5C5123E620A800156751 /* Resources */,
				F8B08DEA63A4EB556D014DF0 /* [CP] Embed Pods Frameworks */,
			);
			buildRules = (
			);
			dependencies = (
			);
			name = MealME;
			productName = MealME;
			productReference = 8C4A5C5323E620A800156751 /* MealME.app */;
			productType = "com.apple.product-type.application";
		};
		8C4A5C6823E620AA00156751 /* MealMETests */ = {
			isa = PBXNativeTarget;
			buildConfigurationList = 8C4A5C8023E620AA00156751 /* Build configuration list for PBXNativeTarget "MealMETests" */;
			buildPhases = (
				8C4A5C6523E620AA00156751 /* Sources */,
				8C4A5C6623E620AA00156751 /* Frameworks */,
				8C4A5C6723E620AA00156751 /* Resources */,
			);
			buildRules = (
			);
			dependencies = (
				8C4A5C6B23E620AA00156751 /* PBXTargetDependency */,
			);
			name = MealMETests;
			productName = MealMETests;
			productReference = 8C4A5C6923E620AA00156751 /* MealMETests.xctest */;
			productType = "com.apple.product-type.bundle.unit-test";
		};
		8C4A5C7323E620AA00156751 /* MealMEUITests */ = {
			isa = PBXNativeTarget;
			buildConfigurationList = 8C4A5C8323E620AA00156751 /* Build configuration list for PBXNativeTarget "MealMEUITests" */;
			buildPhases = (
				8C4A5C7023E620AA00156751 /* Sources */,
				8C4A5C7123E620AA00156751 /* Frameworks */,
				8C4A5C7223E620AA00156751 /* Resources */,
			);
			buildRules = (
			);
			dependencies = (
				8C4A5C7623E620AA00156751 /* PBXTargetDependency */,
			);
			name = MealMEUITests;
			productName = MealMEUITests;
			productReference = 8C4A5C7423E620AA00156751 /* MealMEUITests.xctest */;
			productType = "com.apple.product-type.bundle.ui-testing";
		};
/* End PBXNativeTarget section */

/* Begin PBXProject section */
		8C4A5C4B23E620A800156751 /* Project object */ = {
			isa = PBXProject;
			attributes = {
				LastSwiftUpdateCheck = 1130;
				LastUpgradeCheck = 1130;
				ORGANIZATIONNAME = "Theodor Har";
				TargetAttributes = {
					8C4A5C5223E620A800156751 = {
						CreatedOnToolsVersion = 11.3.1;
					};
					8C4A5C6823E620AA00156751 = {
						CreatedOnToolsVersion = 11.3.1;
						TestTargetID = 8C4A5C5223E620A800156751;
					};
					8C4A5C7323E620AA00156751 = {
						CreatedOnToolsVersion = 11.3.1;
						TestTargetID = 8C4A5C5223E620A800156751;
					};
				};
			};
			buildConfigurationList = 8C4A5C4E23E620A800156751 /* Build configuration list for PBXProject "MealME" */;
			compatibilityVersion = "Xcode 9.3";
			developmentRegion = en;
			hasScannedForEncodings = 0;
			knownRegions = (
				en,
				Base,
			);
			mainGroup = 8C4A5C4A23E620A800156751;
			productRefGroup = 8C4A5C5423E620A800156751 /* Products */;
			projectDirPath = "";
			projectRoot = "";
			targets = (
				8C4A5C5223E620A800156751 /* MealME */,
				8C4A5C6823E620AA00156751 /* MealMETests */,
				8C4A5C7323E620AA00156751 /* MealMEUITests */,
			);
		};
/* End PBXProject section */

/* Begin PBXResourcesBuildPhase section */
		8C4A5C5123E620A800156751 /* Resources */ = {
			isa = PBXResourcesBuildPhase;
			buildActionMask = 2147483647;
			files = (
				8C4A5C6323E620AA00156751 /* LaunchScreen.storyboard in Resources */,
				8C4A5C6023E620AA00156751 /* Assets.xcassets in Resources */,
				8C4A5C5E23E620A800156751 /* Main.storyboard in Resources */,
			);
			runOnlyForDeploymentPostprocessing = 0;
		};
		8C4A5C6723E620AA00156751 /* Resources */ = {
			isa = PBXResourcesBuildPhase;
			buildActionMask = 2147483647;
			files = (
			);
			runOnlyForDeploymentPostprocessing = 0;
		};
		8C4A5C7223E620AA00156751 /* Resources */ = {
			isa = PBXResourcesBuildPhase;
			buildActionMask = 2147483647;
			files = (
			);
			runOnlyForDeploymentPostprocessing = 0;
		};
/* End PBXResourcesBuildPhase section */

/* Begin PBXShellScriptBuildPhase section */
		B03AC5C99773A1F893F1008D /* [CP] Check Pods Manifest.lock */ = {
			isa = PBXShellScriptBuildPhase;
			buildActionMask = 2147483647;
			files = (
			);
			inputFileListPaths = (
			);
			inputPaths = (
				"${PODS_PODFILE_DIR_PATH}/Podfile.lock",
				"${PODS_ROOT}/Manifest.lock",
			);
			name = "[CP] Check Pods Manifest.lock";
			outputFileListPaths = (
			);
			outputPaths = (
				"$(DERIVED_FILE_DIR)/Pods-MealME-checkManifestLockResult.txt",
			);
			runOnlyForDeploymentPostprocessing = 0;
			shellPath = /bin/sh;
			shellScript = "diff \"${PODS_PODFILE_DIR_PATH}/Podfile.lock\" \"${PODS_ROOT}/Manifest.lock\" > /dev/null\nif [ $? != 0 ] ; then\n    # print error to STDERR\n    echo \"error: The sandbox is not in sync with the Podfile.lock. Run 'pod install' or update your CocoaPods installation.\" >&2\n    exit 1\nfi\n# This output is used by Xcode 'outputs' to avoid re-running this script phase.\necho \"SUCCESS\" > \"${SCRIPT_OUTPUT_FILE_0}\"\n";
			showEnvVarsInLog = 0;
		};
		F8B08DEA63A4EB556D014DF0 /* [CP] Embed Pods Frameworks */ = {
			isa = PBXShellScriptBuildPhase;
			buildActionMask = 2147483647;
			files = (
			);
			inputFileListPaths = (
				"${PODS_ROOT}/Target Support Files/Pods-MealME/Pods-MealME-frameworks-${CONFIGURATION}-input-files.xcfilelist",
			);
			name = "[CP] Embed Pods Frameworks";
			outputFileListPaths = (
				"${PODS_ROOT}/Target Support Files/Pods-MealME/Pods-MealME-frameworks-${CONFIGURATION}-output-files.xcfilelist",
			);
			runOnlyForDeploymentPostprocessing = 0;
			shellPath = /bin/sh;
			shellScript = "\"${PODS_ROOT}/Target Support Files/Pods-MealME/Pods-MealME-frameworks.sh\"\n";
			showEnvVarsInLog = 0;
		};
/* End PBXShellScriptBuildPhase section */

/* Begin PBXSourcesBuildPhase section */
		8C4A5C4F23E620A800156751 /* Sources */ = {
			isa = PBXSourcesBuildPhase;
			buildActionMask = 2147483647;
			files = (
				8C4A5C5B23E620A800156751 /* ViewController.swift in Sources */,
				8C4A5C5723E620A800156751 /* AppDelegate.swift in Sources */,
				8C4A5C5923E620A800156751 /* SceneDelegate.swift in Sources */,
				8C4A5C8723E6220F00156751 /* APICaller.swift in Sources */,
				8C4A5C8E23E62E5B00156751 /* RecipeCell.swift in Sources */,
			);
			runOnlyForDeploymentPostprocessing = 0;
		};
		8C4A5C6523E620AA00156751 /* Sources */ = {
			isa = PBXSourcesBuildPhase;
			buildActionMask = 2147483647;
			files = (
				8C4A5C6E23E620AA00156751 /* MealMETests.swift in Sources */,
			);
			runOnlyForDeploymentPostprocessing = 0;
		};
		8C4A5C7023E620AA00156751 /* Sources */ = {
			isa = PBXSourcesBuildPhase;
			buildActionMask = 2147483647;
			files = (
				8C4A5C7923E620AA00156751 /* MealMEUITests.swift in Sources */,
			);
			runOnlyForDeploymentPostprocessing = 0;
		};
/* End PBXSourcesBuildPhase section */

/* Begin PBXTargetDependency section */
		8C4A5C6B23E620AA00156751 /* PBXTargetDependency */ = {
			isa = PBXTargetDependency;
			target = 8C4A5C5223E620A800156751 /* MealME */;
			targetProxy = 8C4A5C6A23E620AA00156751 /* PBXContainerItemProxy */;
		};
		8C4A5C7623E620AA00156751 /* PBXTargetDependency */ = {
			isa = PBXTargetDependency;
			target = 8C4A5C5223E620A800156751 /* MealME */;
			targetProxy = 8C4A5C7523E620AA00156751 /* PBXContainerItemProxy */;
		};
/* End PBXTargetDependency section */

/* Begin PBXVariantGroup section */
		8C4A5C5C23E620A800156751 /* Main.storyboard */ = {
			isa = PBXVariantGroup;
			children = (
				8C4A5C5D23E620A800156751 /* Base */,
			);
			name = Main.storyboard;
			sourceTree = "<group>";
		};
		8C4A5C6123E620AA00156751 /* LaunchScreen.storyboard */ = {
			isa = PBXVariantGroup;
			children = (
				8C4A5C6223E620AA00156751 /* Base */,
			);
			name = LaunchScreen.storyboard;
			sourceTree = "<group>";
		};
/* End PBXVariantGroup section */

/* Begin XCBuildConfiguration section */
		8C4A5C7B23E620AA00156751 /* Debug */ = {
			isa = XCBuildConfiguration;
			buildSettings = {
				ALWAYS_SEARCH_USER_PATHS = NO;
				CLANG_ANALYZER_NONNULL = YES;
				CLANG_ANALYZER_NUMBER_OBJECT_CONVERSION = YES_AGGRESSIVE;
				CLANG_CXX_LANGUAGE_STANDARD = "gnu++14";
				CLANG_CXX_LIBRARY = "libc++";
				CLANG_ENABLE_MODULES = YES;
				CLANG_ENABLE_OBJC_ARC = YES;
				CLANG_ENABLE_OBJC_WEAK = YES;
				CLANG_WARN_BLOCK_CAPTURE_AUTORELEASING = YES;
				CLANG_WARN_BOOL_CONVERSION = YES;
				CLANG_WARN_COMMA = YES;
				CLANG_WARN_CONSTANT_CONVERSION = YES;
				CLANG_WARN_DEPRECATED_OBJC_IMPLEMENTATIONS = YES;
				CLANG_WARN_DIRECT_OBJC_ISA_USAGE = YES_ERROR;
				CLANG_WARN_DOCUMENTATION_COMMENTS = YES;
				CLANG_WARN_EMPTY_BODY = YES;
				CLANG_WARN_ENUM_CONVERSION = YES;
				CLANG_WARN_INFINITE_RECURSION = YES;
				CLANG_WARN_INT_CONVERSION = YES;
				CLANG_WARN_NON_LITERAL_NULL_CONVERSION = YES;
				CLANG_WARN_OBJC_IMPLICIT_RETAIN_SELF = YES;
				CLANG_WARN_OBJC_LITERAL_CONVERSION = YES;
				CLANG_WARN_OBJC_ROOT_CLASS = YES_ERROR;
				CLANG_WARN_RANGE_LOOP_ANALYSIS = YES;
				CLANG_WARN_STRICT_PROTOTYPES = YES;
				CLANG_WARN_SUSPICIOUS_MOVE = YES;
				CLANG_WARN_UNGUARDED_AVAILABILITY = YES_AGGRESSIVE;
				CLANG_WARN_UNREACHABLE_CODE = YES;
				CLANG_WARN__DUPLICATE_METHOD_MATCH = YES;
				COPY_PHASE_STRIP = NO;
				DEBUG_INFORMATION_FORMAT = dwarf;
				ENABLE_STRICT_OBJC_MSGSEND = YES;
				ENABLE_TESTABILITY = YES;
				GCC_C_LANGUAGE_STANDARD = gnu11;
				GCC_DYNAMIC_NO_PIC = NO;
				GCC_NO_COMMON_BLOCKS = YES;
				GCC_OPTIMIZATION_LEVEL = 0;
				GCC_PREPROCESSOR_DEFINITIONS = (
					"DEBUG=1",
					"$(inherited)",
				);
				GCC_WARN_64_TO_32_BIT_CONVERSION = YES;
				GCC_WARN_ABOUT_RETURN_TYPE = YES_ERROR;
				GCC_WARN_UNDECLARED_SELECTOR = YES;
				GCC_WARN_UNINITIALIZED_AUTOS = YES_AGGRESSIVE;
				GCC_WARN_UNUSED_FUNCTION = YES;
				GCC_WARN_UNUSED_VARIABLE = YES;
				IPHONEOS_DEPLOYMENT_TARGET = 13.2;
				MTL_ENABLE_DEBUG_INFO = INCLUDE_SOURCE;
				MTL_FAST_MATH = YES;
				ONLY_ACTIVE_ARCH = YES;
				SDKROOT = iphoneos;
				SWIFT_ACTIVE_COMPILATION_CONDITIONS = DEBUG;
				SWIFT_OPTIMIZATION_LEVEL = "-Onone";
			};
			name = Debug;
		};
		8C4A5C7C23E620AA00156751 /* Release */ = {
			isa = XCBuildConfiguration;
			buildSettings = {
				ALWAYS_SEARCH_USER_PATHS = NO;
				CLANG_ANALYZER_NONNULL = YES;
				CLANG_ANALYZER_NUMBER_OBJECT_CONVERSION = YES_AGGRESSIVE;
				CLANG_CXX_LANGUAGE_STANDARD = "gnu++14";
				CLANG_CXX_LIBRARY = "libc++";
				CLANG_ENABLE_MODULES = YES;
				CLANG_ENABLE_OBJC_ARC = YES;
				CLANG_ENABLE_OBJC_WEAK = YES;
				CLANG_WARN_BLOCK_CAPTURE_AUTORELEASING = YES;
				CLANG_WARN_BOOL_CONVERSION = YES;
				CLANG_WARN_COMMA = YES;
				CLANG_WARN_CONSTANT_CONVERSION = YES;
				CLANG_WARN_DEPRECATED_OBJC_IMPLEMENTATIONS = YES;
				CLANG_WARN_DIRECT_OBJC_ISA_USAGE = YES_ERROR;
				CLANG_WARN_DOCUMENTATION_COMMENTS = YES;
				CLANG_WARN_EMPTY_BODY = YES;
				CLANG_WARN_ENUM_CONVERSION = YES;
				CLANG_WARN_INFINITE_RECURSION = YES;
				CLANG_WARN_INT_CONVERSION = YES;
				CLANG_WARN_NON_LITERAL_NULL_CONVERSION = YES;
				CLANG_WARN_OBJC_IMPLICIT_RETAIN_SELF = YES;
				CLANG_WARN_OBJC_LITERAL_CONVERSION = YES;
				CLANG_WARN_OBJC_ROOT_CLASS = YES_ERROR;
				CLANG_WARN_RANGE_LOOP_ANALYSIS = YES;
				CLANG_WARN_STRICT_PROTOTYPES = YES;
				CLANG_WARN_SUSPICIOUS_MOVE = YES;
				CLANG_WARN_UNGUARDED_AVAILABILITY = YES_AGGRESSIVE;
				CLANG_WARN_UNREACHABLE_CODE = YES;
				CLANG_WARN__DUPLICATE_METHOD_MATCH = YES;
				COPY_PHASE_STRIP = NO;
				DEBUG_INFORMATION_FORMAT = "dwarf-with-dsym";
				ENABLE_NS_ASSERTIONS = NO;
				ENABLE_STRICT_OBJC_MSGSEND = YES;
				GCC_C_LANGUAGE_STANDARD = gnu11;
				GCC_NO_COMMON_BLOCKS = YES;
				GCC_WARN_64_TO_32_BIT_CONVERSION = YES;
				GCC_WARN_ABOUT_RETURN_TYPE = YES_ERROR;
				GCC_WARN_UNDECLARED_SELECTOR = YES;
				GCC_WARN_UNINITIALIZED_AUTOS = YES_AGGRESSIVE;
				GCC_WARN_UNUSED_FUNCTION = YES;
				GCC_WARN_UNUSED_VARIABLE = YES;
				IPHONEOS_DEPLOYMENT_TARGET = 13.2;
				MTL_ENABLE_DEBUG_INFO = NO;
				MTL_FAST_MATH = YES;
				SDKROOT = iphoneos;
				SWIFT_COMPILATION_MODE = wholemodule;
				SWIFT_OPTIMIZATION_LEVEL = "-O";
				VALIDATE_PRODUCT = YES;
			};
			name = Release;
		};
		8C4A5C7E23E620AA00156751 /* Debug */ = {
			isa = XCBuildConfiguration;
			baseConfigurationReference = 802D70054943F2060140CA35 /* Pods-MealME.debug.xcconfig */;
			buildSettings = {
				ASSETCATALOG_COMPILER_APPICON_NAME = AppIcon;
				CODE_SIGN_STYLE = Automatic;
				DEVELOPMENT_TEAM = 3V3FS9CXY5;
				INFOPLIST_FILE = MealME/Info.plist;
				LD_RUNPATH_SEARCH_PATHS = (
					"$(inherited)",
					"@executable_path/Frameworks",
				);
				PRODUCT_BUNDLE_IDENTIFIER = Theo.MealME;
				PRODUCT_NAME = "$(TARGET_NAME)";
				SWIFT_VERSION = 5.0;
				TARGETED_DEVICE_FAMILY = "1,2";
			};
			name = Debug;
		};
		8C4A5C7F23E620AA00156751 /* Release */ = {
			isa = XCBuildConfiguration;
			baseConfigurationReference = 06E360F3841E911618407CD5 /* Pods-MealME.release.xcconfig */;
			buildSettings = {
				ASSETCATALOG_COMPILER_APPICON_NAME = AppIcon;
				CODE_SIGN_STYLE = Automatic;
				DEVELOPMENT_TEAM = 3V3FS9CXY5;
				INFOPLIST_FILE = MealME/Info.plist;
				LD_RUNPATH_SEARCH_PATHS = (
					"$(inherited)",
					"@executable_path/Frameworks",
				);
				PRODUCT_BUNDLE_IDENTIFIER = Theo.MealME;
				PRODUCT_NAME = "$(TARGET_NAME)";
				SWIFT_VERSION = 5.0;
				TARGETED_DEVICE_FAMILY = "1,2";
			};
			name = Release;
		};
		8C4A5C8123E620AA00156751 /* Debug */ = {
			isa = XCBuildConfiguration;
			buildSettings = {
				ALWAYS_EMBED_SWIFT_STANDARD_LIBRARIES = YES;
				BUNDLE_LOADER = "$(TEST_HOST)";
				CODE_SIGN_STYLE = Automatic;
				DEVELOPMENT_TEAM = 3V3FS9CXY5;
				INFOPLIST_FILE = MealMETests/Info.plist;
				IPHONEOS_DEPLOYMENT_TARGET = 13.2;
				LD_RUNPATH_SEARCH_PATHS = (
					"$(inherited)",
					"@executable_path/Frameworks",
					"@loader_path/Frameworks",
				);
				PRODUCT_BUNDLE_IDENTIFIER = Theo.MealMETests;
				PRODUCT_NAME = "$(TARGET_NAME)";
				SWIFT_VERSION = 5.0;
				TARGETED_DEVICE_FAMILY = "1,2";
				TEST_HOST = "$(BUILT_PRODUCTS_DIR)/MealME.app/MealME";
			};
			name = Debug;
		};
		8C4A5C8223E620AA00156751 /* Release */ = {
			isa = XCBuildConfiguration;
			buildSettings = {
				ALWAYS_EMBED_SWIFT_STANDARD_LIBRARIES = YES;
				BUNDLE_LOADER = "$(TEST_HOST)";
				CODE_SIGN_STYLE = Automatic;
				DEVELOPMENT_TEAM = 3V3FS9CXY5;
				INFOPLIST_FILE = MealMETests/Info.plist;
				IPHONEOS_DEPLOYMENT_TARGET = 13.2;
				LD_RUNPATH_SEARCH_PATHS = (
					"$(inherited)",
					"@executable_path/Frameworks",
					"@loader_path/Frameworks",
				);
				PRODUCT_BUNDLE_IDENTIFIER = Theo.MealMETests;
				PRODUCT_NAME = "$(TARGET_NAME)";
				SWIFT_VERSION = 5.0;
				TARGETED_DEVICE_FAMILY = "1,2";
				TEST_HOST = "$(BUILT_PRODUCTS_DIR)/MealME.app/MealME";
			};
			name = Release;
		};
		8C4A5C8423E620AA00156751 /* Debug */ = {
			isa = XCBuildConfiguration;
			buildSettings = {
				ALWAYS_EMBED_SWIFT_STANDARD_LIBRARIES = YES;
				CODE_SIGN_STYLE = Automatic;
				DEVELOPMENT_TEAM = 3V3FS9CXY5;
				INFOPLIST_FILE = MealMEUITests/Info.plist;
				LD_RUNPATH_SEARCH_PATHS = (
					"$(inherited)",
					"@executable_path/Frameworks",
					"@loader_path/Frameworks",
				);
				PRODUCT_BUNDLE_IDENTIFIER = Theo.MealMEUITests;
				PRODUCT_NAME = "$(TARGET_NAME)";
				SWIFT_VERSION = 5.0;
				TARGETED_DEVICE_FAMILY = "1,2";
				TEST_TARGET_NAME = MealME;
			};
			name = Debug;
		};
		8C4A5C8523E620AA00156751 /* Release */ = {
			isa = XCBuildConfiguration;
			buildSettings = {
				ALWAYS_EMBED_SWIFT_STANDARD_LIBRARIES = YES;
				CODE_SIGN_STYLE = Automatic;
				DEVELOPMENT_TEAM = 3V3FS9CXY5;
				INFOPLIST_FILE = MealMEUITests/Info.plist;
				LD_RUNPATH_SEARCH_PATHS = (
					"$(inherited)",
					"@executable_path/Frameworks",
					"@loader_path/Frameworks",
				);
				PRODUCT_BUNDLE_IDENTIFIER = Theo.MealMEUITests;
				PRODUCT_NAME = "$(TARGET_NAME)";
				SWIFT_VERSION = 5.0;
				TARGETED_DEVICE_FAMILY = "1,2";
				TEST_TARGET_NAME = MealME;
			};
			name = Release;
		};
/* End XCBuildConfiguration section */

/* Begin XCConfigurationList section */
		8C4A5C4E23E620A800156751 /* Build configuration list for PBXProject "MealME" */ = {
			isa = XCConfigurationList;
			buildConfigurations = (
				8C4A5C7B23E620AA00156751 /* Debug */,
				8C4A5C7C23E620AA00156751 /* Release */,
			);
			defaultConfigurationIsVisible = 0;
			defaultConfigurationName = Release;
		};
		8C4A5C7D23E620AA00156751 /* Build configuration list for PBXNativeTarget "MealME" */ = {
			isa = XCConfigurationList;
			buildConfigurations = (
				8C4A5C7E23E620AA00156751 /* Debug */,
				8C4A5C7F23E620AA00156751 /* Release */,
			);
			defaultConfigurationIsVisible = 0;
			defaultConfigurationName = Release;
		};
		8C4A5C8023E620AA00156751 /* Build configuration list for PBXNativeTarget "MealMETests" */ = {
			isa = XCConfigurationList;
			buildConfigurations = (
				8C4A5C8123E620AA00156751 /* Debug */,
				8C4A5C8223E620AA00156751 /* Release */,
			);
			defaultConfigurationIsVisible = 0;
			defaultConfigurationName = Release;
		};
		8C4A5C8323E620AA00156751 /* Build configuration list for PBXNativeTarget "MealMEUITests" */ = {
			isa = XCConfigurationList;
			buildConfigurations = (
				8C4A5C8423E620AA00156751 /* Debug */,
				8C4A5C8523E620AA00156751 /* Release */,
			);
			defaultConfigurationIsVisible = 0;
			defaultConfigurationName = Release;
		};
/* End XCConfigurationList section */
	};
	rootObject = 8C4A5C4B23E620A800156751 /* Project object */;
}
